
Microsoft Visual Studio Solution File, Format Version 12.00
# Visual Studio Version 16
VisualStudioVersion = 16.0.32228.343
MinimumVisualStudioVersion = 10.0.40219.1
Project("{FAE04EC0-301F-11D3-BF4B-00C04F79EFBC}") = "BigSchool-NhutNguyet", "BigSchool-NhutNguyet\BigSchool-NhutNguyet.csproj", "{319C442A-2CCA-4842-B783-122C1D5C71D6}"
EndProject
Global
	GlobalSection(SolutionConfigurationPlatforms) = preSolution
		Debug|Any CPU = Debug|Any CPU
		Release|Any CPU = Release|Any CPU
	EndGlobalSection
	GlobalSection(ProjectConfigurationPlatforms) = postSolution
		{319C442A-2CCA-4842-B783-122C1D5C71D6}.Debug|Any CPU.ActiveCfg = Debug|Any CPU
		{319C442A-2CCA-4842-B783-122C1D5C71D6}.Debug|Any CPU.Build.0 = Debug|Any CPU
		{319C442A-2CCA-4842-B783-122C1D5C71D6}.Release|Any CPU.ActiveCfg = Release|Any CPU
		{319C442A-2CCA-4842-B783-122C1D5C71D6}.Release|Any CPU.Build.0 = Release|Any CPU
	EndGlobalSection
	GlobalSection(SolutionProperties) = preSolution
		HideSolutionNode = FALSE
	EndGlobalSection
	GlobalSection(ExtensibilityGlobals) = postSolution
		SolutionGuid = {94708589-0BE6-461C-B82A-B44C3752D7A3}
	EndGlobalSection
EndGlobal
